
Microsoft Visual Studio Solution File, Format Version 12.00
Project("{FAE04EC0-301F-11D3-BF4B-00C04F79EFBC}") = "DotNetCore", "DotNetCore\DotNetCore.csproj", "{68150BDC-4158-4355-BC25-29CD91532607}"
EndProject
Project("{FAE04EC0-301F-11D3-BF4B-00C04F79EFBC}") = "LINQPractice", "LINQPractice\LINQPractice.csproj", "{3D1EE572-A3B1-4C7C-968A-E298A67589CD}"
EndProject
Project("{FAE04EC0-301F-11D3-BF4B-00C04F79EFBC}") = "EFCore", "EFCore\EFCore.csproj", "{EA66481F-2135-49C2-A893-528810592BE9}"
EndProject
Project("{FAE04EC0-301F-11D3-BF4B-00C04F79EFBC}") = "DapperDemo", "DapperDemo\DapperDemo.csproj", "{E65B8BC9-3B11-430F-955D-811C8C79BE4A}"
EndProject
Project("{FAE04EC0-301F-11D3-BF4B-00C04F79EFBC}") = "UnitTesting", "UnitTesting\UnitTesting.csproj", "{4744D386-6C26-41C8-9FEE-BEB54D19F767}"
EndProject
Project("{FAE04EC0-301F-11D3-BF4B-00C04F79EFBC}") = "ADOWeb", "ADOWeb\ADOWeb.csproj", "{56CA92A5-14F7-4A88-99DD-FF9D52BAFC15}"
EndProject
Project("{FAE04EC0-301F-11D3-BF4B-00C04F79EFBC}") = "DapperWeb", "DapperWeb\DapperWeb.csproj", "{CE647C51-8EA3-41D9-8A65-F67B0868BC45}"
EndProject
Project("{FAE04EC0-301F-11D3-BF4B-00C04F79EFBC}") = "EFWeb", "EFWeb\EFWeb.csproj", "{00C63B2D-4D2D-4802-987D-6DC7C6328A27}"
EndProject
Project("{FAE04EC0-301F-11D3-BF4B-00C04F79EFBC}") = "DapperDb", "DapperDb\DapperDb.csproj", "{89A397D5-F34F-4237-BEDF-76402EDC9F95}"
EndProject
Project("{FAE04EC0-301F-11D3-BF4B-00C04F79EFBC}") = "DotNetDatabase", "DotNetDatabase\DotNetDatabase.csproj", "{A6EC7E76-314E-488E-BD57-F4B75AD99687}"
EndProject
Project("{FAE04EC0-301F-11D3-BF4B-00C04F79EFBC}") = "MVC", "MVC\MVC.csproj", "{2C21F4DF-93F6-4627-B537-3248BED78C2C}"
EndProject
Global
	GlobalSection(SolutionConfigurationPlatforms) = preSolution
		Debug|Any CPU = Debug|Any CPU
		Release|Any CPU = Release|Any CPU
	EndGlobalSection
	GlobalSection(ProjectConfigurationPlatforms) = postSolution
		{68150BDC-4158-4355-BC25-29CD91532607}.Debug|Any CPU.ActiveCfg = Debug|Any CPU
		{68150BDC-4158-4355-BC25-29CD91532607}.Debug|Any CPU.Build.0 = Debug|Any CPU
		{68150BDC-4158-4355-BC25-29CD91532607}.Release|Any CPU.ActiveCfg = Release|Any CPU
		{68150BDC-4158-4355-BC25-29CD91532607}.Release|Any CPU.Build.0 = Release|Any CPU
		{3D1EE572-A3B1-4C7C-968A-E298A67589CD}.Debug|Any CPU.ActiveCfg = Debug|Any CPU
		{3D1EE572-A3B1-4C7C-968A-E298A67589CD}.Debug|Any CPU.Build.0 = Debug|Any CPU
		{3D1EE572-A3B1-4C7C-968A-E298A67589CD}.Release|Any CPU.ActiveCfg = Release|Any CPU
		{3D1EE572-A3B1-4C7C-968A-E298A67589CD}.Release|Any CPU.Build.0 = Release|Any CPU
		{EA66481F-2135-49C2-A893-528810592BE9}.Debug|Any CPU.ActiveCfg = Debug|Any CPU
		{EA66481F-2135-49C2-A893-528810592BE9}.Debug|Any CPU.Build.0 = Debug|Any CPU
		{EA66481F-2135-49C2-A893-528810592BE9}.Release|Any CPU.ActiveCfg = Release|Any CPU
		{EA66481F-2135-49C2-A893-528810592BE9}.Release|Any CPU.Build.0 = Release|Any CPU
		{E65B8BC9-3B11-430F-955D-811C8C79BE4A}.Debug|Any CPU.ActiveCfg = Debug|Any CPU
		{E65B8BC9-3B11-430F-955D-811C8C79BE4A}.Debug|Any CPU.Build.0 = Debug|Any CPU
		{E65B8BC9-3B11-430F-955D-811C8C79BE4A}.Release|Any CPU.ActiveCfg = Release|Any CPU
		{E65B8BC9-3B11-430F-955D-811C8C79BE4A}.Release|Any CPU.Build.0 = Release|Any CPU
		{4744D386-6C26-41C8-9FEE-BEB54D19F767}.Debug|Any CPU.ActiveCfg = Debug|Any CPU
		{4744D386-6C26-41C8-9FEE-BEB54D19F767}.Debug|Any CPU.Build.0 = Debug|Any CPU
		{4744D386-6C26-41C8-9FEE-BEB54D19F767}.Release|Any CPU.ActiveCfg = Release|Any CPU
		{4744D386-6C26-41C8-9FEE-BEB54D19F767}.Release|Any CPU.Build.0 = Release|Any CPU
		{56CA92A5-14F7-4A88-99DD-FF9D52BAFC15}.Debug|Any CPU.ActiveCfg = Debug|Any CPU
		{56CA92A5-14F7-4A88-99DD-FF9D52BAFC15}.Debug|Any CPU.Build.0 = Debug|Any CPU
		{56CA92A5-14F7-4A88-99DD-FF9D52BAFC15}.Release|Any CPU.ActiveCfg = Release|Any CPU
		{56CA92A5-14F7-4A88-99DD-FF9D52BAFC15}.Release|Any CPU.Build.0 = Release|Any CPU
		{CE647C51-8EA3-41D9-8A65-F67B0868BC45}.Debug|Any CPU.ActiveCfg = Debug|Any CPU
		{CE647C51-8EA3-41D9-8A65-F67B0868BC45}.Debug|Any CPU.Build.0 = Debug|Any CPU
		{CE647C51-8EA3-41D9-8A65-F67B0868BC45}.Release|Any CPU.ActiveCfg = Release|Any CPU
		{CE647C51-8EA3-41D9-8A65-F67B0868BC45}.Release|Any CPU.Build.0 = Release|Any CPU
		{00C63B2D-4D2D-4802-987D-6DC7C6328A27}.Debug|Any CPU.ActiveCfg = Debug|Any CPU
		{00C63B2D-4D2D-4802-987D-6DC7C6328A27}.Debug|Any CPU.Build.0 = Debug|Any CPU
		{00C63B2D-4D2D-4802-987D-6DC7C6328A27}.Release|Any CPU.ActiveCfg = Release|Any CPU
		{00C63B2D-4D2D-4802-987D-6DC7C6328A27}.Release|Any CPU.Build.0 = Release|Any CPU
		{89A397D5-F34F-4237-BEDF-76402EDC9F95}.Debug|Any CPU.ActiveCfg = Debug|Any CPU
		{89A397D5-F34F-4237-BEDF-76402EDC9F95}.Debug|Any CPU.Build.0 = Debug|Any CPU
		{89A397D5-F34F-4237-BEDF-76402EDC9F95}.Release|Any CPU.ActiveCfg = Release|Any CPU
		{89A397D5-F34F-4237-BEDF-76402EDC9F95}.Release|Any CPU.Build.0 = Release|Any CPU
		{A6EC7E76-314E-488E-BD57-F4B75AD99687}.Debug|Any CPU.ActiveCfg = Debug|Any CPU
		{A6EC7E76-314E-488E-BD57-F4B75AD99687}.Debug|Any CPU.Build.0 = Debug|Any CPU
		{A6EC7E76-314E-488E-BD57-F4B75AD99687}.Release|Any CPU.ActiveCfg = Release|Any CPU
		{A6EC7E76-314E-488E-BD57-F4B75AD99687}.Release|Any CPU.Build.0 = Release|Any CPU
		{2C21F4DF-93F6-4627-B537-3248BED78C2C}.Debug|Any CPU.ActiveCfg = Debug|Any CPU
		{2C21F4DF-93F6-4627-B537-3248BED78C2C}.Debug|Any CPU.Build.0 = Debug|Any CPU
		{2C21F4DF-93F6-4627-B537-3248BED78C2C}.Release|Any CPU.ActiveCfg = Release|Any CPU
		{2C21F4DF-93F6-4627-B537-3248BED78C2C}.Release|Any CPU.Build.0 = Release|Any CPU
	EndGlobalSection
EndGlobal
